{
    "_readme": [
        "This file locks the dependencies of your project to a known state",
        "Read more about it at https://getcomposer.org/doc/01-basic-usage.md#installing-dependencies",
        "This file is @generated automatically"
    ],
    "content-hash": "da1695121c0e90362b2c55d8cef34051",
    "packages": [
        {
            "name": "ernilambar/nepali-date",
            "version": "dev-master",
            "dist": {
                "type": "path",
                "url": "/Users/nilambarsharma/Work/nepali-date",
                "reference": "36165c85d88bdb942e44803e27f127d042da1428"
            },
            "require": {
                "php": ">=5.6"
            },
            "type": "library",
            "autoload": {
                "psr-4": {
                    "ErNilambar\\NepaliDate\\": "src/"
                }
            },
            "license": [
                "MIT"
            ],
            "authors": [
                {
                    "name": "Nilambar Sharma",
                    "email": "nilambar@outlook.com",
                    "homepage": "https://www.nilambar.net",
                    "role": "Developer"
                }
            ],
            "description": "Nepali Date",
            "homepage": "https://github.com/ernilambar/nepali-date",
            "keywords": [
                "date"
            ],
            "support": {
                "issues": "https://github.com/ernilambar/nepali-date/issues"
            },
            "transport-options": {
                "symlink": true,
                "relative": false
            }
        }
    ],
    "packages-dev": [],
    "aliases": [],
    "minimum-stability": "dev",
    "stability-flags": {
        "ernilambar/nepali-date": 20
    },
    "prefer-stable": false,
    "prefer-lowest": false,
    "platform": [],
    "platform-dev": [],
    "plugin-api-version": "1.1.0"
}
