{
    "_readme": [
        "This file locks the dependencies of your project to a known state",
        "Read more about it at https://getcomposer.org/doc/01-basic-usage.md#installing-dependencies",
        "This file is @generated automatically"
    ],
    "content-hash": "63e9af5671f366c5e6d02a9ab718b217",
    "packages": [
        {
            "name": "ernilambar/nepali-date",
            "version": "1.0.5",
            "source": {
                "type": "git",
                "url": "https://github.com/ernilambar/nepali-date.git",
                "reference": "8ac91a49267e3821bf03f052d3cb6b7876af4a12"
            },
            "dist": {
                "type": "zip",
                "url": "https://api.github.com/repos/ernilambar/nepali-date/zipball/8ac91a49267e3821bf03f052d3cb6b7876af4a12",
                "reference": "8ac91a49267e3821bf03f052d3cb6b7876af4a12",
                "shasum": ""
            },
            "require": {
                "php": ">=5.6"
            },
            "require-dev": {
                "dealerdirect/phpcodesniffer-composer-installer": "^0.6.2",
                "phpunit/phpunit": "^9",
                "squizlabs/php_codesniffer": "^3.5"
            },
            "type": "library",
            "autoload": {
                "psr-4": {
                    "Nilambar\\NepaliDate\\": "src/"
                }
            },
            "notification-url": "https://packagist.org/downloads/",
            "license": [
                "MIT"
            ],
            "authors": [
                {
                    "name": "Nilambar Sharma",
                    "email": "nilambar@outlook.com",
                    "homepage": "https://www.nilambar.net",
                    "role": "Developer"
                }
            ],
            "description": "Nepali Date",
            "homepage": "https://github.com/ernilambar/nepali-date",
            "keywords": [
                "date"
            ],
            "support": {
                "issues": "https://github.com/ernilambar/nepali-date/issues",
                "source": "https://github.com/ernilambar/nepali-date/tree/1.0.5"
            },
            "time": "2021-07-20T06:11:00+00:00"
        },
        {
            "name": "ernilambar/optioner",
            "version": "dev-fix/class",
            "dist": {
                "type": "path",
                "url": "/Users/nilambarsharma/Work/wp-git/optioner",
                "reference": "05d7cd13fe369295e59fefbd8588b7b7293d6dad"
            },
            "require": {
                "php": ">=5.6"
            },
            "type": "library",
            "license": [
                "MIT"
            ],
            "authors": [
                {
                    "name": "Nilambar Sharma",
                    "email": "nilambar@outlook.com",
                    "homepage": "https://www.nilambar.net",
                    "role": "Developer"
                }
            ],
            "description": "Minimal option framework for WordPress plugins",
            "homepage": "https://github.com/ernilambar/optioner",
            "keywords": [
                "option",
                "wordpress"
            ],
            "support": {
                "issues": "https://github.com/ernilambar/optioner/issues"
            },
            "transport-options": {
                "symlink": true,
                "relative": false
            }
        }
    ],
    "packages-dev": [],
    "aliases": [],
    "minimum-stability": "dev",
    "stability-flags": [],
    "prefer-stable": false,
    "prefer-lowest": false,
    "platform": [],
    "platform-dev": [],
    "plugin-api-version": "2.1.0"
}
