{
  "version": "4",
  "specifiers": {
    "npm:postcss-nesting@^13.0.1": "13.0.1_postcss@8.5.3_postcss-selector-parser@7.1.0",
    "npm:postcss-preset-env@^10.1.4": "10.1.4_postcss@8.5.3",
    "npm:postcss@^8.5.3": "8.5.3"
  },
  "npm": {
    "@csstools/cascade-layer-name-parser@2.0.4_@csstools+css-parser-algorithms@3.0.4__@csstools+css-tokenizer@3.0.3_@csstools+css-tokenizer@3.0.3": {
      "integrity": "sha512-7DFHlPuIxviKYZrOiwVU/PiHLm3lLUR23OMuEEtfEOQTOp9hzQ2JjdY6X5H18RVuUPJqSCI+qNnD5iOLMVE0bA==",
      "dependencies": [
        "@csstools/css-parser-algorithms",
        "@csstools/css-tokenizer"
      ]
    },
    "@csstools/color-helpers@5.0.1": {
      "integrity": "sha512-MKtmkA0BX87PKaO1NFRTFH+UnkgnmySQOvNxJubsadusqPEC2aJ9MOQiMceZJJ6oitUl/i0L6u0M1IrmAOmgBA=="
    },
    "@csstools/css-calc@2.1.1_@csstools+css-parser-algorithms@3.0.4__@csstools+css-tokenizer@3.0.3_@csstools+css-tokenizer@3.0.3": {
      "integrity": "sha512-rL7kaUnTkL9K+Cvo2pnCieqNpTKgQzy5f+N+5Iuko9HAoasP+xgprVh7KN/MaJVvVL1l0EzQq2MoqBHKSrDrag==",
      "dependencies": [
        "@csstools/css-parser-algorithms",
        "@csstools/css-tokenizer"
      ]
    },
    "@csstools/css-color-parser@3.0.7_@csstools+css-parser-algorithms@3.0.4__@csstools+css-tokenizer@3.0.3_@csstools+css-tokenizer@3.0.3": {
      "integrity": "sha512-nkMp2mTICw32uE5NN+EsJ4f5N+IGFeCFu4bGpiKgb2Pq/7J/MpyLBeQ5ry4KKtRFZaYs6sTmcMYrSRIyj5DFKA==",
      "dependencies": [
        "@csstools/color-helpers",
        "@csstools/css-calc",
        "@csstools/css-parser-algorithms",
        "@csstools/css-tokenizer"
      ]
    },
    "@csstools/css-parser-algorithms@3.0.4_@csstools+css-tokenizer@3.0.3": {
      "integrity": "sha512-Up7rBoV77rv29d3uKHUIVubz1BTcgyUK72IvCQAbfbMv584xHcGKCKbWh7i8hPrRJ7qU4Y8IO3IY9m+iTB7P3A==",
      "dependencies": [
        "@csstools/css-tokenizer"
      ]
    },
    "@csstools/css-tokenizer@3.0.3": {
      "integrity": "sha512-UJnjoFsmxfKUdNYdWgOB0mWUypuLvAfQPH1+pyvRJs6euowbFkFC6P13w1l8mJyi3vxYMxc9kld5jZEGRQs6bw=="
    },
    "@csstools/media-query-list-parser@4.0.2_@csstools+css-parser-algorithms@3.0.4__@csstools+css-tokenizer@3.0.3_@csstools+css-tokenizer@3.0.3": {
      "integrity": "sha512-EUos465uvVvMJehckATTlNqGj4UJWkTmdWuDMjqvSUkjGpmOyFZBVwb4knxCm/k2GMTXY+c/5RkdndzFYWeX5A==",
      "dependencies": [
        "@csstools/css-parser-algorithms",
        "@csstools/css-tokenizer"
      ]
    },
    "@csstools/postcss-cascade-layers@5.0.1_postcss@8.5.3_postcss-selector-parser@7.1.0": {
      "integrity": "sha512-XOfhI7GShVcKiKwmPAnWSqd2tBR0uxt+runAxttbSp/LY2U16yAVPmAf7e9q4JJ0d+xMNmpwNDLBXnmRCl3HMQ==",
      "dependencies": [
        "@csstools/selector-specificity",
        "postcss",
        "postcss-selector-parser"
      ]
    },
    "@csstools/postcss-color-function@4.0.7_postcss@8.5.3_@csstools+css-parser-algorithms@3.0.4__@csstools+css-tokenizer@3.0.3_@csstools+css-tokenizer@3.0.3": {
      "integrity": "sha512-aDHYmhNIHR6iLw4ElWhf+tRqqaXwKnMl0YsQ/X105Zc4dQwe6yJpMrTN6BwOoESrkDjOYMOfORviSSLeDTJkdQ==",
      "dependencies": [
        "@csstools/css-color-parser",
        "@csstools/css-parser-algorithms",
        "@csstools/css-tokenizer",
        "@csstools/postcss-progressive-custom-properties",
        "@csstools/utilities",
        "postcss"
      ]
    },
    "@csstools/postcss-color-mix-function@3.0.7_postcss@8.5.3_@csstools+css-parser-algorithms@3.0.4__@csstools+css-tokenizer@3.0.3_@csstools+css-tokenizer@3.0.3": {
      "integrity": "sha512-e68Nev4CxZYCLcrfWhHH4u/N1YocOfTmw67/kVX5Rb7rnguqqLyxPjhHWjSBX8o4bmyuukmNf3wrUSU3//kT7g==",
      "dependencies": [
        "@csstools/css-color-parser",
        "@csstools/css-parser-algorithms",
        "@csstools/css-tokenizer",
        "@csstools/postcss-progressive-custom-properties",
        "@csstools/utilities",
        "postcss"
      ]
    },
    "@csstools/postcss-content-alt-text@2.0.4_postcss@8.5.3_@csstools+css-tokenizer@3.0.3": {
      "integrity": "sha512-YItlZUOuZJCBlRaCf8Aucc1lgN41qYGALMly0qQllrxYJhiyzlI6RxOTMUvtWk+KhS8GphMDsDhKQ7KTPfEMSw==",
      "dependencies": [
        "@csstools/css-parser-algorithms",
        "@csstools/css-tokenizer",
        "@csstools/postcss-progressive-custom-properties",
        "@csstools/utilities",
        "postcss"
      ]
    },
    "@csstools/postcss-exponential-functions@2.0.6_postcss@8.5.3_@csstools+css-parser-algorithms@3.0.4__@csstools+css-tokenizer@3.0.3_@csstools+css-tokenizer@3.0.3": {
      "integrity": "sha512-IgJA5DQsQLu/upA3HcdvC6xEMR051ufebBTIXZ5E9/9iiaA7juXWz1ceYj814lnDYP/7eWjZnw0grRJlX4eI6g==",
      "dependencies": [
        "@csstools/css-calc",
        "@csstools/css-parser-algorithms",
        "@csstools/css-tokenizer",
        "postcss"
      ]
    },
    "@csstools/postcss-font-format-keywords@4.0.0_postcss@8.5.3": {
      "integrity": "sha512-usBzw9aCRDvchpok6C+4TXC57btc4bJtmKQWOHQxOVKen1ZfVqBUuCZ/wuqdX5GHsD0NRSr9XTP+5ID1ZZQBXw==",
      "dependencies": [
        "@csstools/utilities",
        "postcss",
        "postcss-value-parser"
      ]
    },
    "@csstools/postcss-gamut-mapping@2.0.7_postcss@8.5.3_@csstools+css-parser-algorithms@3.0.4__@csstools+css-tokenizer@3.0.3_@csstools+css-tokenizer@3.0.3": {
      "integrity": "sha512-gzFEZPoOkY0HqGdyeBXR3JP218Owr683u7KOZazTK7tQZBE8s2yhg06W1tshOqk7R7SWvw9gkw2TQogKpIW8Xw==",
      "dependencies": [
        "@csstools/css-color-parser",
        "@csstools/css-parser-algorithms",
        "@csstools/css-tokenizer",
        "postcss"
      ]
    },
    "@csstools/postcss-gradients-interpolation-method@5.0.7_postcss@8.5.3_@csstools+css-parser-algorithms@3.0.4__@csstools+css-tokenizer@3.0.3_@csstools+css-tokenizer@3.0.3": {
      "integrity": "sha512-WgEyBeg6glUeTdS2XT7qeTFBthTJuXlS9GFro/DVomj7W7WMTamAwpoP4oQCq/0Ki2gvfRYFi/uZtmRE14/DFA==",
      "dependencies": [
        "@csstools/css-color-parser",
        "@csstools/css-parser-algorithms",
        "@csstools/css-tokenizer",
        "@csstools/postcss-progressive-custom-properties",
        "@csstools/utilities",
        "postcss"
      ]
    },
    "@csstools/postcss-hwb-function@4.0.7_postcss@8.5.3_@csstools+css-parser-algorithms@3.0.4__@csstools+css-tokenizer@3.0.3_@csstools+css-tokenizer@3.0.3": {
      "integrity": "sha512-LKYqjO+wGwDCfNIEllessCBWfR4MS/sS1WXO+j00KKyOjm7jDW2L6jzUmqASEiv/kkJO39GcoIOvTTfB3yeBUA==",
      "dependencies": [
        "@csstools/css-color-parser",
        "@csstools/css-parser-algorithms",
        "@csstools/css-tokenizer",
        "@csstools/postcss-progressive-custom-properties",
        "@csstools/utilities",
        "postcss"
      ]
    },
    "@csstools/postcss-ic-unit@4.0.0_postcss@8.5.3": {
      "integrity": "sha512-9QT5TDGgx7wD3EEMN3BSUG6ckb6Eh5gSPT5kZoVtUuAonfPmLDJyPhqR4ntPpMYhUKAMVKAg3I/AgzqHMSeLhA==",
      "dependencies": [
        "@csstools/postcss-progressive-custom-properties",
        "@csstools/utilities",
        "postcss",
        "postcss-value-parser"
      ]
    },
    "@csstools/postcss-initial@2.0.1_postcss@8.5.3": {
      "integrity": "sha512-L1wLVMSAZ4wovznquK0xmC7QSctzO4D0Is590bxpGqhqjboLXYA16dWZpfwImkdOgACdQ9PqXsuRroW6qPlEsg==",
      "dependencies": [
        "postcss"
      ]
    },
    "@csstools/postcss-is-pseudo-class@5.0.1_postcss@8.5.3_postcss-selector-parser@7.1.0": {
      "integrity": "sha512-JLp3POui4S1auhDR0n8wHd/zTOWmMsmK3nQd3hhL6FhWPaox5W7j1se6zXOG/aP07wV2ww0lxbKYGwbBszOtfQ==",
      "dependencies": [
        "@csstools/selector-specificity",
        "postcss",
        "postcss-selector-parser"
      ]
    },
    "@csstools/postcss-light-dark-function@2.0.7_postcss@8.5.3_@csstools+css-tokenizer@3.0.3": {
      "integrity": "sha512-ZZ0rwlanYKOHekyIPaU+sVm3BEHCe+Ha0/px+bmHe62n0Uc1lL34vbwrLYn6ote8PHlsqzKeTQdIejQCJ05tfw==",
      "dependencies": [
        "@csstools/css-parser-algorithms",
        "@csstools/css-tokenizer",
        "@csstools/postcss-progressive-custom-properties",
        "@csstools/utilities",
        "postcss"
      ]
    },
    "@csstools/postcss-logical-float-and-clear@3.0.0_postcss@8.5.3": {
      "integrity": "sha512-SEmaHMszwakI2rqKRJgE+8rpotFfne1ZS6bZqBoQIicFyV+xT1UF42eORPxJkVJVrH9C0ctUgwMSn3BLOIZldQ==",
      "dependencies": [
        "postcss"
      ]
    },
    "@csstools/postcss-logical-overflow@2.0.0_postcss@8.5.3": {
      "integrity": "sha512-spzR1MInxPuXKEX2csMamshR4LRaSZ3UXVaRGjeQxl70ySxOhMpP2252RAFsg8QyyBXBzuVOOdx1+bVO5bPIzA==",
      "dependencies": [
        "postcss"
      ]
    },
    "@csstools/postcss-logical-overscroll-behavior@2.0.0_postcss@8.5.3": {
      "integrity": "sha512-e/webMjoGOSYfqLunyzByZj5KKe5oyVg/YSbie99VEaSDE2kimFm0q1f6t/6Jo+VVCQ/jbe2Xy+uX+C4xzWs4w==",
      "dependencies": [
        "postcss"
      ]
    },
    "@csstools/postcss-logical-resize@3.0.0_postcss@8.5.3": {
      "integrity": "sha512-DFbHQOFW/+I+MY4Ycd/QN6Dg4Hcbb50elIJCfnwkRTCX05G11SwViI5BbBlg9iHRl4ytB7pmY5ieAFk3ws7yyg==",
      "dependencies": [
        "postcss",
        "postcss-value-parser"
      ]
    },
    "@csstools/postcss-logical-viewport-units@3.0.3_postcss@8.5.3": {
      "integrity": "sha512-OC1IlG/yoGJdi0Y+7duz/kU/beCwO+Gua01sD6GtOtLi7ByQUpcIqs7UE/xuRPay4cHgOMatWdnDdsIDjnWpPw==",
      "dependencies": [
        "@csstools/css-tokenizer",
        "@csstools/utilities",
        "postcss"
      ]
    },
    "@csstools/postcss-media-minmax@2.0.6_postcss@8.5.3_@csstools+css-parser-algorithms@3.0.4__@csstools+css-tokenizer@3.0.3_@csstools+css-tokenizer@3.0.3": {
      "integrity": "sha512-J1+4Fr2W3pLZsfxkFazK+9kr96LhEYqoeBszLmFjb6AjYs+g9oDAw3J5oQignLKk3rC9XHW+ebPTZ9FaW5u5pg==",
      "dependencies": [
        "@csstools/css-calc",
        "@csstools/css-parser-algorithms",
        "@csstools/css-tokenizer",
        "@csstools/media-query-list-parser",
        "postcss"
      ]
    },
    "@csstools/postcss-media-queries-aspect-ratio-number-values@3.0.4_postcss@8.5.3_@csstools+css-tokenizer@3.0.3_@csstools+css-parser-algorithms@3.0.4__@csstools+css-tokenizer@3.0.3": {
      "integrity": "sha512-AnGjVslHMm5xw9keusQYvjVWvuS7KWK+OJagaG0+m9QnIjZsrysD2kJP/tr/UJIyYtMCtu8OkUd+Rajb4DqtIQ==",
      "dependencies": [
        "@csstools/css-parser-algorithms",
        "@csstools/css-tokenizer",
        "@csstools/media-query-list-parser",
        "postcss"
      ]
    },
    "@csstools/postcss-nested-calc@4.0.0_postcss@8.5.3": {
      "integrity": "sha512-jMYDdqrQQxE7k9+KjstC3NbsmC063n1FTPLCgCRS2/qHUbHM0mNy9pIn4QIiQGs9I/Bg98vMqw7mJXBxa0N88A==",
      "dependencies": [
        "@csstools/utilities",
        "postcss",
        "postcss-value-parser"
      ]
    },
    "@csstools/postcss-normalize-display-values@4.0.0_postcss@8.5.3": {
      "integrity": "sha512-HlEoG0IDRoHXzXnkV4in47dzsxdsjdz6+j7MLjaACABX2NfvjFS6XVAnpaDyGesz9gK2SC7MbNwdCHusObKJ9Q==",
      "dependencies": [
        "postcss",
        "postcss-value-parser"
      ]
    },
    "@csstools/postcss-oklab-function@4.0.7_postcss@8.5.3_@csstools+css-parser-algorithms@3.0.4__@csstools+css-tokenizer@3.0.3_@csstools+css-tokenizer@3.0.3": {
      "integrity": "sha512-I6WFQIbEKG2IO3vhaMGZDkucbCaUSXMxvHNzDdnfsTCF5tc0UlV3Oe2AhamatQoKFjBi75dSEMrgWq3+RegsOQ==",
      "dependencies": [
        "@csstools/css-color-parser",
        "@csstools/css-parser-algorithms",
        "@csstools/css-tokenizer",
        "@csstools/postcss-progressive-custom-properties",
        "@csstools/utilities",
        "postcss"
      ]
    },
    "@csstools/postcss-progressive-custom-properties@4.0.0_postcss@8.5.3": {
      "integrity": "sha512-XQPtROaQjomnvLUSy/bALTR5VCtTVUFwYs1SblvYgLSeTo2a/bMNwUwo2piXw5rTv/FEYiy5yPSXBqg9OKUx7Q==",
      "dependencies": [
        "postcss",
        "postcss-value-parser"
      ]
    },
    "@csstools/postcss-random-function@1.0.2_postcss@8.5.3_@csstools+css-parser-algorithms@3.0.4__@csstools+css-tokenizer@3.0.3_@csstools+css-tokenizer@3.0.3": {
      "integrity": "sha512-vBCT6JvgdEkvRc91NFoNrLjgGtkLWt47GKT6E2UDn3nd8ZkMBiziQ1Md1OiKoSsgzxsSnGKG3RVdhlbdZEkHjA==",
      "dependencies": [
        "@csstools/css-calc",
        "@csstools/css-parser-algorithms",
        "@csstools/css-tokenizer",
        "postcss"
      ]
    },
    "@csstools/postcss-relative-color-syntax@3.0.7_postcss@8.5.3_@csstools+css-parser-algorithms@3.0.4__@csstools+css-tokenizer@3.0.3_@csstools+css-tokenizer@3.0.3": {
      "integrity": "sha512-apbT31vsJVd18MabfPOnE977xgct5B1I+Jpf+Munw3n6kKb1MMuUmGGH+PT9Hm/fFs6fe61Q/EWnkrb4bNoNQw==",
      "dependencies": [
        "@csstools/css-color-parser",
        "@csstools/css-parser-algorithms",
        "@csstools/css-tokenizer",
        "@csstools/postcss-progressive-custom-properties",
        "@csstools/utilities",
        "postcss"
      ]
    },
    "@csstools/postcss-scope-pseudo-class@4.0.1_postcss@8.5.3": {
      "integrity": "sha512-IMi9FwtH6LMNuLea1bjVMQAsUhFxJnyLSgOp/cpv5hrzWmrUYU5fm0EguNDIIOHUqzXode8F/1qkC/tEo/qN8Q==",
      "dependencies": [
        "postcss",
        "postcss-selector-parser"
      ]
    },
    "@csstools/postcss-sign-functions@1.1.1_postcss@8.5.3_@csstools+css-parser-algorithms@3.0.4__@csstools+css-tokenizer@3.0.3_@csstools+css-tokenizer@3.0.3": {
      "integrity": "sha512-MslYkZCeMQDxetNkfmmQYgKCy4c+w9pPDfgOBCJOo/RI1RveEUdZQYtOfrC6cIZB7sD7/PHr2VGOcMXlZawrnA==",
      "dependencies": [
        "@csstools/css-calc",
        "@csstools/css-parser-algorithms",
        "@csstools/css-tokenizer",
        "postcss"
      ]
    },
    "@csstools/postcss-stepped-value-functions@4.0.6_postcss@8.5.3_@csstools+css-parser-algorithms@3.0.4__@csstools+css-tokenizer@3.0.3_@csstools+css-tokenizer@3.0.3": {
      "integrity": "sha512-/dwlO9w8vfKgiADxpxUbZOWlL5zKoRIsCymYoh1IPuBsXODKanKnfuZRr32DEqT0//3Av1VjfNZU9yhxtEfIeA==",
      "dependencies": [
        "@csstools/css-calc",
        "@csstools/css-parser-algorithms",
        "@csstools/css-tokenizer",
        "postcss"
      ]
    },
    "@csstools/postcss-text-decoration-shorthand@4.0.1_postcss@8.5.3": {
      "integrity": "sha512-xPZIikbx6jyzWvhms27uugIc0I4ykH4keRvoa3rxX5K7lEhkbd54rjj/dv60qOCTisoS+3bmwJTeyV1VNBrXaw==",
      "dependencies": [
        "@csstools/color-helpers",
        "postcss",
        "postcss-value-parser"
      ]
    },
    "@csstools/postcss-trigonometric-functions@4.0.6_postcss@8.5.3_@csstools+css-parser-algorithms@3.0.4__@csstools+css-tokenizer@3.0.3_@csstools+css-tokenizer@3.0.3": {
      "integrity": "sha512-c4Y1D2Why/PeccaSouXnTt6WcNHJkoJRidV2VW9s5gJ97cNxnLgQ4Qj8qOqkIR9VmTQKJyNcbF4hy79ZQnWD7A==",
      "dependencies": [
        "@csstools/css-calc",
        "@csstools/css-parser-algorithms",
        "@csstools/css-tokenizer",
        "postcss"
      ]
    },
    "@csstools/postcss-unset-value@4.0.0_postcss@8.5.3": {
      "integrity": "sha512-cBz3tOCI5Fw6NIFEwU3RiwK6mn3nKegjpJuzCndoGq3BZPkUjnsq7uQmIeMNeMbMk7YD2MfKcgCpZwX5jyXqCA==",
      "dependencies": [
        "postcss"
      ]
    },
    "@csstools/selector-resolve-nested@3.0.0_postcss-selector-parser@7.1.0": {
      "integrity": "sha512-ZoK24Yku6VJU1gS79a5PFmC8yn3wIapiKmPgun0hZgEI5AOqgH2kiPRsPz1qkGv4HL+wuDLH83yQyk6inMYrJQ==",
      "dependencies": [
        "postcss-selector-parser"
      ]
    },
    "@csstools/selector-specificity@5.0.0_postcss-selector-parser@7.1.0": {
      "integrity": "sha512-PCqQV3c4CoVm3kdPhyeZ07VmBRdH2EpMFA/pd9OASpOEC3aXNGoqPDAZ80D0cLpMBxnmk0+yNhGsEx31hq7Gtw==",
      "dependencies": [
        "postcss-selector-parser"
      ]
    },
    "@csstools/utilities@2.0.0_postcss@8.5.3": {
      "integrity": "sha512-5VdOr0Z71u+Yp3ozOx8T11N703wIFGVRgOWbOZMKgglPJsWA54MRIoMNVMa7shUToIhx5J8vX4sOZgD2XiihiQ==",
      "dependencies": [
        "postcss"
      ]
    },
    "autoprefixer@10.4.20_postcss@8.5.3": {
      "integrity": "sha512-XY25y5xSv/wEoqzDyXXME4AFfkZI0P23z6Fs3YgymDnKJkCGOnkL0iTxCa85UTqaSgfcqyf3UA6+c7wUvx/16g==",
      "dependencies": [
        "browserslist",
        "caniuse-lite",
        "fraction.js",
        "normalize-range",
        "picocolors",
        "postcss",
        "postcss-value-parser"
      ]
    },
    "browserslist@4.24.4": {
      "integrity": "sha512-KDi1Ny1gSePi1vm0q4oxSF8b4DR44GF4BbmS2YdhPLOEqd8pDviZOGH/GsmRwoWJ2+5Lr085X7naowMwKHDG1A==",
      "dependencies": [
        "caniuse-lite",
        "electron-to-chromium",
        "node-releases",
        "update-browserslist-db"
      ]
    },
    "caniuse-lite@1.0.30001700": {
      "integrity": "sha512-2S6XIXwaE7K7erT8dY+kLQcpa5ms63XlRkMkReXjle+kf6c5g38vyMl+Z5y8dSxOFDhcFe+nxnn261PLxBSQsQ=="
    },
    "css-blank-pseudo@7.0.1_postcss@8.5.3": {
      "integrity": "sha512-jf+twWGDf6LDoXDUode+nc7ZlrqfaNphrBIBrcmeP3D8yw1uPaix1gCC8LUQUGQ6CycuK2opkbFFWFuq/a94ag==",
      "dependencies": [
        "postcss",
        "postcss-selector-parser"
      ]
    },
    "css-has-pseudo@7.0.2_postcss@8.5.3_postcss-selector-parser@7.1.0": {
      "integrity": "sha512-nzol/h+E0bId46Kn2dQH5VElaknX2Sr0hFuB/1EomdC7j+OISt2ZzK7EHX9DZDY53WbIVAR7FYKSO2XnSf07MQ==",
      "dependencies": [
        "@csstools/selector-specificity",
        "postcss",
        "postcss-selector-parser",
        "postcss-value-parser"
      ]
    },
    "css-prefers-color-scheme@10.0.0_postcss@8.5.3": {
      "integrity": "sha512-VCtXZAWivRglTZditUfB4StnsWr6YVZ2PRtuxQLKTNRdtAf8tpzaVPE9zXIF3VaSc7O70iK/j1+NXxyQCqdPjQ==",
      "dependencies": [
        "postcss"
      ]
    },
    "cssdb@8.2.3": {
      "integrity": "sha512-9BDG5XmJrJQQnJ51VFxXCAtpZ5ebDlAREmO8sxMOVU0aSxN/gocbctjIG5LMh3WBUq+xTlb/jw2LoljBEqraTA=="
    },
    "cssesc@3.0.0": {
      "integrity": "sha512-/Tb/JcjK111nNScGob5MNtsntNM1aCNUDipB/TkwZFhyDrrE47SOx/18wF2bbjgc3ZzCSKW1T5nt5EbFoAz/Vg=="
    },
    "electron-to-chromium@1.5.102": {
      "integrity": "sha512-eHhqaja8tE/FNpIiBrvBjFV/SSKpyWHLvxuR9dPTdo+3V9ppdLmFB7ZZQ98qNovcngPLYIz0oOBF9P0FfZef5Q=="
    },
    "escalade@3.2.0": {
      "integrity": "sha512-WUj2qlxaQtO4g6Pq5c29GTcWGDyd8itL8zTlipgECz3JesAiiOKotd8JU6otB3PACgG6xkJUyVhboMS+bje/jA=="
    },
    "fraction.js@4.3.7": {
      "integrity": "sha512-ZsDfxO51wGAXREY55a7la9LScWpwv9RxIrYABrlvOFBlH/ShPnrtsXeuUIfXKKOVicNxQ+o8JTbJvjS4M89yew=="
    },
    "nanoid@3.3.8": {
      "integrity": "sha512-WNLf5Sd8oZxOm+TzppcYk8gVOgP+l58xNy58D0nbUnOxOWRWvlcCV4kUF7ltmI6PsrLl/BgKEyS4mqsGChFN0w=="
    },
    "node-releases@2.0.19": {
      "integrity": "sha512-xxOWJsBKtzAq7DY0J+DTzuz58K8e7sJbdgwkbMWQe8UYB6ekmsQ45q0M/tJDsGaZmbC+l7n57UV8Hl5tHxO9uw=="
    },
    "normalize-range@0.1.2": {
      "integrity": "sha512-bdok/XvKII3nUpklnV6P2hxtMNrCboOjAcyBuQnWEhO665FwrSNRxU+AqpsyvO6LgGYPspN+lu5CLtw4jPRKNA=="
    },
    "picocolors@1.1.1": {
      "integrity": "sha512-xceH2snhtb5M9liqDsmEw56le376mTZkEX/jEb/RxNFyegNul7eNslCXP9FDj/Lcu0X8KEyMceP2ntpaHrDEVA=="
    },
    "postcss-attribute-case-insensitive@7.0.1_postcss@8.5.3": {
      "integrity": "sha512-Uai+SupNSqzlschRyNx3kbCTWgY/2hcwtHEI/ej2LJWc9JJ77qKgGptd8DHwY1mXtZ7Aoh4z4yxfwMBue9eNgw==",
      "dependencies": [
        "postcss",
        "postcss-selector-parser"
      ]
    },
    "postcss-clamp@4.1.0_postcss@8.5.3": {
      "integrity": "sha512-ry4b1Llo/9zz+PKC+030KUnPITTJAHeOwjfAyyB60eT0AorGLdzp52s31OsPRHRf8NchkgFoG2y6fCfn1IV1Ow==",
      "dependencies": [
        "postcss",
        "postcss-value-parser"
      ]
    },
    "postcss-color-functional-notation@7.0.7_postcss@8.5.3_@csstools+css-parser-algorithms@3.0.4__@csstools+css-tokenizer@3.0.3_@csstools+css-tokenizer@3.0.3": {
      "integrity": "sha512-EZvAHsvyASX63vXnyXOIynkxhaHRSsdb7z6yiXKIovGXAolW4cMZ3qoh7k3VdTsLBS6VGdksGfIo3r6+waLoOw==",
      "dependencies": [
        "@csstools/css-color-parser",
        "@csstools/css-parser-algorithms",
        "@csstools/css-tokenizer",
        "@csstools/postcss-progressive-custom-properties",
        "@csstools/utilities",
        "postcss"
      ]
    },
    "postcss-color-hex-alpha@10.0.0_postcss@8.5.3": {
      "integrity": "sha512-1kervM2cnlgPs2a8Vt/Qbe5cQ++N7rkYo/2rz2BkqJZIHQwaVuJgQH38REHrAi4uM0b1fqxMkWYmese94iMp3w==",
      "dependencies": [
        "@csstools/utilities",
        "postcss",
        "postcss-value-parser"
      ]
    },
    "postcss-color-rebeccapurple@10.0.0_postcss@8.5.3": {
      "integrity": "sha512-JFta737jSP+hdAIEhk1Vs0q0YF5P8fFcj+09pweS8ktuGuZ8pPlykHsk6mPxZ8awDl4TrcxUqJo9l1IhVr/OjQ==",
      "dependencies": [
        "@csstools/utilities",
        "postcss",
        "postcss-value-parser"
      ]
    },
    "postcss-custom-media@11.0.5_postcss@8.5.3_@csstools+css-parser-algorithms@3.0.4__@csstools+css-tokenizer@3.0.3_@csstools+css-tokenizer@3.0.3": {
      "integrity": "sha512-SQHhayVNgDvSAdX9NQ/ygcDQGEY+aSF4b/96z7QUX6mqL5yl/JgG/DywcF6fW9XbnCRE+aVYk+9/nqGuzOPWeQ==",
      "dependencies": [
        "@csstools/cascade-layer-name-parser",
        "@csstools/css-parser-algorithms",
        "@csstools/css-tokenizer",
        "@csstools/media-query-list-parser",
        "postcss"
      ]
    },
    "postcss-custom-properties@14.0.4_postcss@8.5.3_@csstools+css-parser-algorithms@3.0.4__@csstools+css-tokenizer@3.0.3_@csstools+css-tokenizer@3.0.3": {
      "integrity": "sha512-QnW8FCCK6q+4ierwjnmXF9Y9KF8q0JkbgVfvQEMa93x1GT8FvOiUevWCN2YLaOWyByeDX8S6VFbZEeWoAoXs2A==",
      "dependencies": [
        "@csstools/cascade-layer-name-parser",
        "@csstools/css-parser-algorithms",
        "@csstools/css-tokenizer",
        "@csstools/utilities",
        "postcss",
        "postcss-value-parser"
      ]
    },
    "postcss-custom-selectors@8.0.4_postcss@8.5.3_@csstools+css-parser-algorithms@3.0.4__@csstools+css-tokenizer@3.0.3_@csstools+css-tokenizer@3.0.3": {
      "integrity": "sha512-ASOXqNvDCE0dAJ/5qixxPeL1aOVGHGW2JwSy7HyjWNbnWTQCl+fDc968HY1jCmZI0+BaYT5CxsOiUhavpG/7eg==",
      "dependencies": [
        "@csstools/cascade-layer-name-parser",
        "@csstools/css-parser-algorithms",
        "@csstools/css-tokenizer",
        "postcss",
        "postcss-selector-parser"
      ]
    },
    "postcss-dir-pseudo-class@9.0.1_postcss@8.5.3": {
      "integrity": "sha512-tRBEK0MHYvcMUrAuYMEOa0zg9APqirBcgzi6P21OhxtJyJADo/SWBwY1CAwEohQ/6HDaa9jCjLRG7K3PVQYHEA==",
      "dependencies": [
        "postcss",
        "postcss-selector-parser"
      ]
    },
    "postcss-double-position-gradients@6.0.0_postcss@8.5.3": {
      "integrity": "sha512-JkIGah3RVbdSEIrcobqj4Gzq0h53GG4uqDPsho88SgY84WnpkTpI0k50MFK/sX7XqVisZ6OqUfFnoUO6m1WWdg==",
      "dependencies": [
        "@csstools/postcss-progressive-custom-properties",
        "@csstools/utilities",
        "postcss",
        "postcss-value-parser"
      ]
    },
    "postcss-focus-visible@10.0.1_postcss@8.5.3": {
      "integrity": "sha512-U58wyjS/I1GZgjRok33aE8juW9qQgQUNwTSdxQGuShHzwuYdcklnvK/+qOWX1Q9kr7ysbraQ6ht6r+udansalA==",
      "dependencies": [
        "postcss",
        "postcss-selector-parser"
      ]
    },
    "postcss-focus-within@9.0.1_postcss@8.5.3": {
      "integrity": "sha512-fzNUyS1yOYa7mOjpci/bR+u+ESvdar6hk8XNK/TRR0fiGTp2QT5N+ducP0n3rfH/m9I7H/EQU6lsa2BrgxkEjw==",
      "dependencies": [
        "postcss",
        "postcss-selector-parser"
      ]
    },
    "postcss-font-variant@5.0.0_postcss@8.5.3": {
      "integrity": "sha512-1fmkBaCALD72CK2a9i468mA/+tr9/1cBxRRMXOUaZqO43oWPR5imcyPjXwuv7PXbCid4ndlP5zWhidQVVa3hmA==",
      "dependencies": [
        "postcss"
      ]
    },
    "postcss-gap-properties@6.0.0_postcss@8.5.3": {
      "integrity": "sha512-Om0WPjEwiM9Ru+VhfEDPZJAKWUd0mV1HmNXqp2C29z80aQ2uP9UVhLc7e3aYMIor/S5cVhoPgYQ7RtfeZpYTRw==",
      "dependencies": [
        "postcss"
      ]
    },
    "postcss-image-set-function@7.0.0_postcss@8.5.3": {
      "integrity": "sha512-QL7W7QNlZuzOwBTeXEmbVckNt1FSmhQtbMRvGGqqU4Nf4xk6KUEQhAoWuMzwbSv5jxiRiSZ5Tv7eiDB9U87znA==",
      "dependencies": [
        "@csstools/utilities",
        "postcss",
        "postcss-value-parser"
      ]
    },
    "postcss-lab-function@7.0.7_postcss@8.5.3_@csstools+css-parser-algorithms@3.0.4__@csstools+css-tokenizer@3.0.3_@csstools+css-tokenizer@3.0.3": {
      "integrity": "sha512-+ONj2bpOQfsCKZE2T9VGMyVVdGcGUpr7u3SVfvkJlvhTRmDCfY25k4Jc8fubB9DclAPR4+w8uVtDZmdRgdAHig==",
      "dependencies": [
        "@csstools/css-color-parser",
        "@csstools/css-parser-algorithms",
        "@csstools/css-tokenizer",
        "@csstools/postcss-progressive-custom-properties",
        "@csstools/utilities",
        "postcss"
      ]
    },
    "postcss-logical@8.0.0_postcss@8.5.3": {
      "integrity": "sha512-HpIdsdieClTjXLOyYdUPAX/XQASNIwdKt5hoZW08ZOAiI+tbV0ta1oclkpVkW5ANU+xJvk3KkA0FejkjGLXUkg==",
      "dependencies": [
        "postcss",
        "postcss-value-parser"
      ]
    },
    "postcss-nesting@13.0.1_postcss@8.5.3_postcss-selector-parser@7.1.0": {
      "integrity": "sha512-VbqqHkOBOt4Uu3G8Dm8n6lU5+9cJFxiuty9+4rcoyRPO9zZS1JIs6td49VIoix3qYqELHlJIn46Oih9SAKo+yQ==",
      "dependencies": [
        "@csstools/selector-resolve-nested",
        "@csstools/selector-specificity",
        "postcss",
        "postcss-selector-parser"
      ]
    },
    "postcss-opacity-percentage@3.0.0_postcss@8.5.3": {
      "integrity": "sha512-K6HGVzyxUxd/VgZdX04DCtdwWJ4NGLG212US4/LA1TLAbHgmAsTWVR86o+gGIbFtnTkfOpb9sCRBx8K7HO66qQ==",
      "dependencies": [
        "postcss"
      ]
    },
    "postcss-overflow-shorthand@6.0.0_postcss@8.5.3": {
      "integrity": "sha512-BdDl/AbVkDjoTofzDQnwDdm/Ym6oS9KgmO7Gr+LHYjNWJ6ExORe4+3pcLQsLA9gIROMkiGVjjwZNoL/mpXHd5Q==",
      "dependencies": [
        "postcss",
        "postcss-value-parser"
      ]
    },
    "postcss-page-break@3.0.4_postcss@8.5.3": {
      "integrity": "sha512-1JGu8oCjVXLa9q9rFTo4MbeeA5FMe00/9C7lN4va606Rdb+HkxXtXsmEDrIraQ11fGz/WvKWa8gMuCKkrXpTsQ==",
      "dependencies": [
        "postcss"
      ]
    },
    "postcss-place@10.0.0_postcss@8.5.3": {
      "integrity": "sha512-5EBrMzat2pPAxQNWYavwAfoKfYcTADJ8AXGVPcUZ2UkNloUTWzJQExgrzrDkh3EKzmAx1evfTAzF9I8NGcc+qw==",
      "dependencies": [
        "postcss",
        "postcss-value-parser"
      ]
    },
    "postcss-preset-env@10.1.4_postcss@8.5.3": {
      "integrity": "sha512-awWKS3CwyY7I4Eb3YSWOZisbj3qXyuQCrylYiu2vSHxnSZAj3LHStN6jOcpCrc6EjYunLwbeNto3M5/JBtXpzg==",
      "dependencies": [
        "@csstools/postcss-cascade-layers",
        "@csstools/postcss-color-function",
        "@csstools/postcss-color-mix-function",
        "@csstools/postcss-content-alt-text",
        "@csstools/postcss-exponential-functions",
        "@csstools/postcss-font-format-keywords",
        "@csstools/postcss-gamut-mapping",
        "@csstools/postcss-gradients-interpolation-method",
        "@csstools/postcss-hwb-function",
        "@csstools/postcss-ic-unit",
        "@csstools/postcss-initial",
        "@csstools/postcss-is-pseudo-class",
        "@csstools/postcss-light-dark-function",
        "@csstools/postcss-logical-float-and-clear",
        "@csstools/postcss-logical-overflow",
        "@csstools/postcss-logical-overscroll-behavior",
        "@csstools/postcss-logical-resize",
        "@csstools/postcss-logical-viewport-units",
        "@csstools/postcss-media-minmax",
        "@csstools/postcss-media-queries-aspect-ratio-number-values",
        "@csstools/postcss-nested-calc",
        "@csstools/postcss-normalize-display-values",
        "@csstools/postcss-oklab-function",
        "@csstools/postcss-progressive-custom-properties",
        "@csstools/postcss-random-function",
        "@csstools/postcss-relative-color-syntax",
        "@csstools/postcss-scope-pseudo-class",
        "@csstools/postcss-sign-functions",
        "@csstools/postcss-stepped-value-functions",
        "@csstools/postcss-text-decoration-shorthand",
        "@csstools/postcss-trigonometric-functions",
        "@csstools/postcss-unset-value",
        "autoprefixer",
        "browserslist",
        "css-blank-pseudo",
        "css-has-pseudo",
        "css-prefers-color-scheme",
        "cssdb",
        "postcss",
        "postcss-attribute-case-insensitive",
        "postcss-clamp",
        "postcss-color-functional-notation",
        "postcss-color-hex-alpha",
        "postcss-color-rebeccapurple",
        "postcss-custom-media",
        "postcss-custom-properties",
        "postcss-custom-selectors",
        "postcss-dir-pseudo-class",
        "postcss-double-position-gradients",
        "postcss-focus-visible",
        "postcss-focus-within",
        "postcss-font-variant",
        "postcss-gap-properties",
        "postcss-image-set-function",
        "postcss-lab-function",
        "postcss-logical",
        "postcss-nesting",
        "postcss-opacity-percentage",
        "postcss-overflow-shorthand",
        "postcss-page-break",
        "postcss-place",
        "postcss-pseudo-class-any-link",
        "postcss-replace-overflow-wrap",
        "postcss-selector-not"
      ]
    },
    "postcss-pseudo-class-any-link@10.0.1_postcss@8.5.3": {
      "integrity": "sha512-3el9rXlBOqTFaMFkWDOkHUTQekFIYnaQY55Rsp8As8QQkpiSgIYEcF/6Ond93oHiDsGb4kad8zjt+NPlOC1H0Q==",
      "dependencies": [
        "postcss",
        "postcss-selector-parser"
      ]
    },
    "postcss-replace-overflow-wrap@4.0.0_postcss@8.5.3": {
      "integrity": "sha512-KmF7SBPphT4gPPcKZc7aDkweHiKEEO8cla/GjcBK+ckKxiZslIu3C4GCRW3DNfL0o7yW7kMQu9xlZ1kXRXLXtw==",
      "dependencies": [
        "postcss"
      ]
    },
    "postcss-selector-not@8.0.1_postcss@8.5.3": {
      "integrity": "sha512-kmVy/5PYVb2UOhy0+LqUYAhKj7DUGDpSWa5LZqlkWJaaAV+dxxsOG3+St0yNLu6vsKD7Dmqx+nWQt0iil89+WA==",
      "dependencies": [
        "postcss",
        "postcss-selector-parser"
      ]
    },
    "postcss-selector-parser@7.1.0": {
      "integrity": "sha512-8sLjZwK0R+JlxlYcTuVnyT2v+htpdrjDOKuMcOVdYjt52Lh8hWRYpxBPoKx/Zg+bcjc3wx6fmQevMmUztS/ccA==",
      "dependencies": [
        "cssesc",
        "util-deprecate"
      ]
    },
    "postcss-value-parser@4.2.0": {
      "integrity": "sha512-1NNCs6uurfkVbeXG4S8JFT9t19m45ICnif8zWLd5oPSZ50QnwMfK+H3jv408d4jw/7Bttv5axS5IiHoLaVNHeQ=="
    },
    "postcss@8.5.3": {
      "integrity": "sha512-dle9A3yYxlBSrt8Fu+IpjGT8SY8hN0mlaA6GY8t0P5PjIOZemULz/E2Bnm/2dcUOena75OTNkHI76uZBNUUq3A==",
      "dependencies": [
        "nanoid",
        "picocolors",
        "source-map-js"
      ]
    },
    "source-map-js@1.2.1": {
      "integrity": "sha512-UXWMKhLOwVKb728IUtQPXxfYU+usdybtUrK/8uGE8CQMvrhOpwvzDBwj0QhSL7MQc7vIsISBG8VQ8+IDQxpfQA=="
    },
    "update-browserslist-db@1.1.2_browserslist@4.24.4": {
      "integrity": "sha512-PPypAm5qvlD7XMZC3BujecnaOxwhrtoFR+Dqkk5Aa/6DssiH0ibKoketaj9w8LP7Bont1rYeoV5plxD7RTEPRg==",
      "dependencies": [
        "browserslist",
        "escalade",
        "picocolors"
      ]
    },
    "util-deprecate@1.0.2": {
      "integrity": "sha512-EPD5q1uXyFxJpCrLnCc1nHnq3gOa6DZBocAIiI2TaSCA7VCJ1UJDMagCzIkXNsUYfD1daK//LTEQ8xiIbrHtcw=="
    }
  },
  "remote": {
    "https://deno.land/std@0.204.0/assert/assert.ts": "9a97dad6d98c238938e7540736b826440ad8c1c1e54430ca4c4e623e585607ee",
    "https://deno.land/std@0.204.0/assert/assertion_error.ts": "4d0bde9b374dfbcbe8ac23f54f567b77024fb67dbb1906a852d67fe050d42f56",
    "https://deno.land/std@0.204.0/fs/_util.ts": "fbf57dcdc9f7bc8128d60301eece608246971a7836a3bb1e78da75314f08b978",
    "https://deno.land/std@0.204.0/fs/copy.ts": "ca19e4837965914471df38fbd61e16f9e8adfe89f9cffb0c83615c83ea3fc2bf",
    "https://deno.land/std@0.204.0/fs/empty_dir.ts": "0b4a2508232446eed232ad1243dd4b0f07ac503a281633ae1324d1528df70964",
    "https://deno.land/std@0.204.0/fs/ensure_dir.ts": "dc64c4c75c64721d4e3fb681f1382f803ff3d2868f08563ff923fdd20d071c40",
    "https://deno.land/std@0.204.0/fs/ensure_file.ts": "39ac83cc283a20ec2735e956adf5de3e8a3334e0b6820547b5772f71c49ae083",
    "https://deno.land/std@0.204.0/fs/ensure_link.ts": "c15e69c48556d78aae31b83e0c0ece04b7b8bc0951412f5b759aceb6fde7f0ac",
    "https://deno.land/std@0.204.0/fs/ensure_symlink.ts": "b389c8568f0656d145ac7ece472afe710815cccbb2ebfd19da7978379ae143fe",
    "https://deno.land/std@0.204.0/fs/eol.ts": "f1f2eb348a750c34500741987b21d65607f352cf7205f48f4319d417fff42842",
    "https://deno.land/std@0.204.0/fs/exists.ts": "cb59a853d84871d87acab0e7936a4dac11282957f8e195102c5a7acb42546bb8",
    "https://deno.land/std@0.204.0/fs/expand_glob.ts": "52b8b6f5b1fa585c348250da1c80ce5d820746cb4a75d874b3599646f677d3a7",
    "https://deno.land/std@0.204.0/fs/mod.ts": "bc3d0acd488cc7b42627044caf47d72019846d459279544e1934418955ba4898",
    "https://deno.land/std@0.204.0/fs/move.ts": "b4f8f46730b40c32ea3c0bc8eb0fd0e8139249a698883c7b3756424cf19785c9",
    "https://deno.land/std@0.204.0/fs/walk.ts": "a16146724a6aaf9efdb92023a74e9805195c3469900744ce5de4113b07b29779",
    "https://deno.land/std@0.204.0/path/_common/assert_path.ts": "061e4d093d4ba5aebceb2c4da3318bfe3289e868570e9d3a8e327d91c2958946",
    "https://deno.land/std@0.204.0/path/_common/basename.ts": "0d978ff818f339cd3b1d09dc914881f4d15617432ae519c1b8fdc09ff8d3789a",
    "https://deno.land/std@0.204.0/path/_common/common.ts": "9e4233b2eeb50f8b2ae10ecc2108f58583aea6fd3e8907827020282dc2b76143",
    "https://deno.land/std@0.204.0/path/_common/constants.ts": "e49961f6f4f48039c0dfed3c3f93e963ca3d92791c9d478ac5b43183413136e0",
    "https://deno.land/std@0.204.0/path/_common/dirname.ts": "2ba7fb4cc9fafb0f38028f434179579ce61d4d9e51296fad22b701c3d3cd7397",
    "https://deno.land/std@0.204.0/path/_common/format.ts": "11aa62e316dfbf22c126917f5e03ea5fe2ee707386555a8f513d27ad5756cf96",
    "https://deno.land/std@0.204.0/path/_common/from_file_url.ts": "ef1bf3197d2efbf0297a2bdbf3a61d804b18f2bcce45548ae112313ec5be3c22",
    "https://deno.land/std@0.204.0/path/_common/glob_to_reg_exp.ts": "5c3c2b79fc2294ec803d102bd9855c451c150021f452046312819fbb6d4dc156",
    "https://deno.land/std@0.204.0/path/_common/is_glob.ts": "567dce5c6656bdedfc6b3ee6c0833e1e4db2b8dff6e62148e94a917f289c06ad",
    "https://deno.land/std@0.204.0/path/_common/normalize.ts": "2ba7fb4cc9fafb0f38028f434179579ce61d4d9e51296fad22b701c3d3cd7397",
    "https://deno.land/std@0.204.0/path/_common/normalize_string.ts": "88c472f28ae49525f9fe82de8c8816d93442d46a30d6bb5063b07ff8a89ff589",
    "https://deno.land/std@0.204.0/path/_common/relative.ts": "1af19d787a2a84b8c534cc487424fe101f614982ae4851382c978ab2216186b4",
    "https://deno.land/std@0.204.0/path/_common/strip_trailing_separators.ts": "7ffc7c287e97bdeeee31b155828686967f222cd73f9e5780bfe7dfb1b58c6c65",
    "https://deno.land/std@0.204.0/path/_common/to_file_url.ts": "a8cdd1633bc9175b7eebd3613266d7c0b6ae0fb0cff24120b6092ac31662f9ae",
    "https://deno.land/std@0.204.0/path/_interface.ts": "6471159dfbbc357e03882c2266d21ef9afdb1e4aa771b0545e90db58a0ba314b",
    "https://deno.land/std@0.204.0/path/_os.ts": "30b0c2875f360c9296dbe6b7f2d528f0f9c741cecad2e97f803f5219e91b40a2",
    "https://deno.land/std@0.204.0/path/basename.ts": "04bb5ef3e86bba8a35603b8f3b69537112cdd19ce64b77f2522006da2977a5f3",
    "https://deno.land/std@0.204.0/path/common.ts": "f4d061c7d0b95a65c2a1a52439edec393e906b40f1caf4604c389fae7caa80f5",
    "https://deno.land/std@0.204.0/path/dirname.ts": "88a0a71c21debafc4da7a4cd44fd32e899462df458fbca152390887d41c40361",
    "https://deno.land/std@0.204.0/path/extname.ts": "2da4e2490f3b48b7121d19fb4c91681a5e11bd6bd99df4f6f47d7a71bb6ecdf2",
    "https://deno.land/std@0.204.0/path/format.ts": "3457530cc85d1b4bab175f9ae73998b34fd456c830d01883169af0681b8894fb",
    "https://deno.land/std@0.204.0/path/from_file_url.ts": "e7fa233ea1dff9641e8d566153a24d95010110185a6f418dd2e32320926043f8",
    "https://deno.land/std@0.204.0/path/glob.ts": "9c77cf47db1d786e2ebf66670824d03fd84ecc7c807cac24441eb9d5cb6a2986",
    "https://deno.land/std@0.204.0/path/is_absolute.ts": "67232b41b860571c5b7537f4954c88d86ae2ba45e883ee37d3dec27b74909d13",
    "https://deno.land/std@0.204.0/path/join.ts": "98d3d76c819af4a11a81d5ba2dbb319f1ce9d63fc2b615597d4bcfddd4a89a09",
    "https://deno.land/std@0.204.0/path/mod.ts": "2d62a0a8b78a60e8e6f485d881bac6b61d58573b11cf585fb7c8fc50d9b20d80",
    "https://deno.land/std@0.204.0/path/normalize.ts": "aa95be9a92c7bd4f9dc0ba51e942a1973e2b93d266cd74f5ca751c136d520b66",
    "https://deno.land/std@0.204.0/path/parse.ts": "d87ff0deef3fb495bc0d862278ff96da5a06acf0625ca27769fc52ac0d3d6ece",
    "https://deno.land/std@0.204.0/path/posix/_util.ts": "ecf49560fedd7dd376c6156cc5565cad97c1abe9824f4417adebc7acc36c93e5",
    "https://deno.land/std@0.204.0/path/posix/basename.ts": "a630aeb8fd8e27356b1823b9dedd505e30085015407caa3396332752f6b8406a",
    "https://deno.land/std@0.204.0/path/posix/common.ts": "e781d395dc76f6282e3f7dd8de13194abb8b04a82d109593141abc6e95755c8b",
    "https://deno.land/std@0.204.0/path/posix/dirname.ts": "f48c9c42cc670803b505478b7ef162c7cfa9d8e751b59d278b2ec59470531472",
    "https://deno.land/std@0.204.0/path/posix/extname.ts": "ee7f6571a9c0a37f9218fbf510c440d1685a7c13082c348d701396cc795e0be0",
    "https://deno.land/std@0.204.0/path/posix/format.ts": "b94876f77e61bfe1f147d5ccb46a920636cd3cef8be43df330f0052b03875968",
    "https://deno.land/std@0.204.0/path/posix/from_file_url.ts": "b97287a83e6407ac27bdf3ab621db3fccbf1c27df0a1b1f20e1e1b5acf38a379",
    "https://deno.land/std@0.204.0/path/posix/glob.ts": "86c3f06d1c98303613c74650961c3e24bdb871cde2a97c3ae7f0f6d4abbef445",
    "https://deno.land/std@0.204.0/path/posix/is_absolute.ts": "159900a3422d11069d48395568217eb7fc105ceda2683d03d9b7c0f0769e01b8",
    "https://deno.land/std@0.204.0/path/posix/join.ts": "0c0d84bdc344876930126640011ec1b888e6facf74153ffad9ef26813aa2a076",
    "https://deno.land/std@0.204.0/path/posix/mod.ts": "6bfa8a42d85345b12dbe8571028ca2c62d460b6ef968125e498602b43b6cf6b6",
    "https://deno.land/std@0.204.0/path/posix/normalize.ts": "11de90a94ab7148cc46e5a288f7d732aade1d616bc8c862f5560fa18ff987b4b",
    "https://deno.land/std@0.204.0/path/posix/parse.ts": "199208f373dd93a792e9c585352bfc73a6293411bed6da6d3bc4f4ef90b04c8e",
    "https://deno.land/std@0.204.0/path/posix/relative.ts": "e2f230608b0f083e6deaa06e063943e5accb3320c28aef8d87528fbb7fe6504c",
    "https://deno.land/std@0.204.0/path/posix/resolve.ts": "51579d83159d5c719518c9ae50812a63959bbcb7561d79acbdb2c3682236e285",
    "https://deno.land/std@0.204.0/path/posix/separator.ts": "0b6573b5f3269a3164d8edc9cefc33a02dd51003731c561008c8bb60220ebac1",
    "https://deno.land/std@0.204.0/path/posix/to_file_url.ts": "08d43ea839ee75e9b8b1538376cfe95911070a655cd312bc9a00f88ef14967b6",
    "https://deno.land/std@0.204.0/path/posix/to_namespaced_path.ts": "c9228a0e74fd37e76622cd7b142b8416663a9b87db643302fa0926b5a5c83bdc",
    "https://deno.land/std@0.204.0/path/relative.ts": "23d45ede8b7ac464a8299663a43488aad6b561414e7cbbe4790775590db6349c",
    "https://deno.land/std@0.204.0/path/resolve.ts": "5b184efc87155a0af9fa305ff68a109e28de9aee81fc3e77cd01380f19daf867",
    "https://deno.land/std@0.204.0/path/separator.ts": "40a3e9a4ad10bef23bc2cd6c610291b6c502a06237c2c4cd034a15ca78dedc1f",
    "https://deno.land/std@0.204.0/path/to_file_url.ts": "edaafa089e0bce386e1b2d47afe7c72e379ff93b28a5829a5885e4b6c626d864",
    "https://deno.land/std@0.204.0/path/to_namespaced_path.ts": "cf8734848aac3c7527d1689d2adf82132b1618eff3cc523a775068847416b22a",
    "https://deno.land/std@0.204.0/path/windows/_util.ts": "f32b9444554c8863b9b4814025c700492a2b57ff2369d015360970a1b1099d54",
    "https://deno.land/std@0.204.0/path/windows/basename.ts": "8a9dbf7353d50afbc5b221af36c02a72c2d1b2b5b9f7c65bf6a5a2a0baf88ad3",
    "https://deno.land/std@0.204.0/path/windows/common.ts": "e781d395dc76f6282e3f7dd8de13194abb8b04a82d109593141abc6e95755c8b",
    "https://deno.land/std@0.204.0/path/windows/dirname.ts": "5c2aa541384bf0bd9aca821275d2a8690e8238fa846198ef5c7515ce31a01a94",
    "https://deno.land/std@0.204.0/path/windows/extname.ts": "07f4fa1b40d06a827446b3e3bcc8d619c5546b079b8ed0c77040bbef716c7614",
    "https://deno.land/std@0.204.0/path/windows/format.ts": "343019130d78f172a5c49fdc7e64686a7faf41553268961e7b6c92a6d6548edf",
    "https://deno.land/std@0.204.0/path/windows/from_file_url.ts": "d53335c12b0725893d768be3ac6bf0112cc5b639d2deb0171b35988493b46199",
    "https://deno.land/std@0.204.0/path/windows/glob.ts": "0286fb89ecd21db5cbf3b6c79e2b87c889b03f1311e66fb769e6b905d4142332",
    "https://deno.land/std@0.204.0/path/windows/is_absolute.ts": "245b56b5f355ede8664bd7f080c910a97e2169972d23075554ae14d73722c53c",
    "https://deno.land/std@0.204.0/path/windows/join.ts": "e6600bf88edeeef4e2276e155b8de1d5dec0435fd526ba2dc4d37986b2882f16",
    "https://deno.land/std@0.204.0/path/windows/mod.ts": "c3d1a36fbf9f6db1320bcb4fbda8de011d25461be3497105e15cbea1e3726198",
    "https://deno.land/std@0.204.0/path/windows/normalize.ts": "9deebbf40c81ef540b7b945d4ccd7a6a2c5a5992f791e6d3377043031e164e69",
    "https://deno.land/std@0.204.0/path/windows/parse.ts": "120faf778fe1f22056f33ded069b68e12447668fcfa19540c0129561428d3ae5",
    "https://deno.land/std@0.204.0/path/windows/relative.ts": "026855cd2c36c8f28f1df3c6fbd8f2449a2aa21f48797a74700c5d872b86d649",
    "https://deno.land/std@0.204.0/path/windows/resolve.ts": "5ff441ab18a2346abadf778121128ee71bda4d0898513d4639a6ca04edca366b",
    "https://deno.land/std@0.204.0/path/windows/separator.ts": "ae21f27015f10510ed1ac4a0ba9c4c9c967cbdd9d9e776a3e4967553c397bd5d",
    "https://deno.land/std@0.204.0/path/windows/to_file_url.ts": "8e9ea9e1ff364aa06fa72999204229952d0a279dbb876b7b838b2b2fea55cce3",
    "https://deno.land/std@0.204.0/path/windows/to_namespaced_path.ts": "e0f4d4a5e77f28a5708c1a33ff24360f35637ba6d8f103d19661255ef7bfd50d",
    "https://deno.land/x/denoflate@1.2.1/mod.ts": "f5628e44b80b3d80ed525afa2ba0f12408e3849db817d47a883b801f9ce69dd6",
    "https://deno.land/x/denoflate@1.2.1/pkg/denoflate.js": "b9f9ad9457d3f12f28b1fb35c555f57443427f74decb403113d67364e4f2caf4",
    "https://deno.land/x/denoflate@1.2.1/pkg/denoflate_bg.wasm.js": "d581956245407a2115a3d7e8d85a9641c032940a8e810acbd59ca86afd34d44d",
    "https://deno.land/x/esbuild@v0.19.3/mod.js": "0099dd9e4ac7ea7a5f1f6c9a2cadb01318159c03521dcffcfbda4251b36e67c0"
  },
  "workspace": {
    "dependencies": [
      "npm:postcss-preset-env@^10.1.4",
      "npm:postcss@^8.5.3"
    ]
  }
}
